
Microsoft Visual Studio Solution File, Format Version 12.00
Project("{FAE04EC0-301F-11D3-BF4B-00C04F79EFBC}") = "src", "src\src.csproj", "{C49EAF13-CC45-4A7A-A687-2969B8791DE2}"
EndProject
Global
	GlobalSection(SolutionConfigurationPlatforms) = preSolution
		Debug|Any CPU = Debug|Any CPU
		Release|Any CPU = Release|Any CPU
	EndGlobalSection
	GlobalSection(ProjectConfigurationPlatforms) = postSolution
		{C49EAF13-CC45-4A7A-A687-2969B8791DE2}.Debug|Any CPU.ActiveCfg = Debug|Any CPU
		{C49EAF13-CC45-4A7A-A687-2969B8791DE2}.Debug|Any CPU.Build.0 = Debug|Any CPU
		{C49EAF13-CC45-4A7A-A687-2969B8791DE2}.Release|Any CPU.ActiveCfg = Release|Any CPU
		{C49EAF13-CC45-4A7A-A687-2969B8791DE2}.Release|Any CPU.Build.0 = Release|Any CPU
	EndGlobalSection
EndGlobal
